// !$*UTF8*$!
{
	archiveVersion = 1;
	classes = {
	};
	objectVersion = 50;
	objects = {

/* Begin PBXBuildFile section */
		31B2DD7023FC2EC200805C56 /* main.cpp in Sources */ = {isa = PBXBuildFile; fileRef = 31B2DD6F23FC2EC200805C56 /* main.cpp */; };
		31D3414623FE70B100ACDC8D /* lox.cpp in Sources */ = {isa = PBXBuildFile; fileRef = 31D3414523FE70B100ACDC8D /* lox.cpp */; };
		31D3414923FE79C000ACDC8D /* token.cpp in Sources */ = {isa = PBXBuildFile; fileRef = 31D3414723FE79C000ACDC8D /* token.cpp */; };
		31D3414C23FE7C8F00ACDC8D /* scanner.cpp in Sources */ = {isa = PBXBuildFile; fileRef = 31D3414A23FE7C8F00ACDC8D /* scanner.cpp */; };
/* End PBXBuildFile section */

/* Begin PBXCopyFilesBuildPhase section */
		31B2DD6A23FC2EC200805C56 /* CopyFiles */ = {
			isa = PBXCopyFilesBuildPhase;
			buildActionMask = 2147483647;
			dstPath = /usr/share/man/man1/;
			dstSubfolderSpec = 0;
			files = (
			);
			runOnlyForDeploymentPostprocessing = 1;
		};
/* End PBXCopyFilesBuildPhase section */

/* Begin PBXFileReference section */
		31B2DD6C23FC2EC200805C56 /* jLox */ = {isa = PBXFileReference; explicitFileType = "compiled.mach-o.executable"; includeInIndex = 0; path = jLox; sourceTree = BUILT_PRODUCTS_DIR; };
		31B2DD6F23FC2EC200805C56 /* main.cpp */ = {isa = PBXFileReference; lastKnownFileType = sourcecode.cpp.cpp; path = main.cpp; sourceTree = "<group>"; };
		31B2DD7823FD24A200805C56 /* test1.h */ = {isa = PBXFileReference; lastKnownFileType = sourcecode.c.h; path = test1.h; sourceTree = "<group>"; };
		31B2DD7923FD283600805C56 /* lox.h */ = {isa = PBXFileReference; lastKnownFileType = sourcecode.c.h; path = lox.h; sourceTree = "<group>"; };
		31D3414523FE70B100ACDC8D /* lox.cpp */ = {isa = PBXFileReference; lastKnownFileType = sourcecode.cpp.cpp; path = lox.cpp; sourceTree = "<group>"; };
		31D3414723FE79C000ACDC8D /* token.cpp */ = {isa = PBXFileReference; lastKnownFileType = sourcecode.cpp.cpp; path = token.cpp; sourceTree = "<group>"; };
		31D3414823FE79C000ACDC8D /* token.h */ = {isa = PBXFileReference; lastKnownFileType = sourcecode.c.h; path = token.h; sourceTree = "<group>"; };
		31D3414A23FE7C8F00ACDC8D /* scanner.cpp */ = {isa = PBXFileReference; lastKnownFileType = sourcecode.cpp.cpp; path = scanner.cpp; sourceTree = "<group>"; };
		31D3414B23FE7C8F00ACDC8D /* scanner.h */ = {isa = PBXFileReference; lastKnownFileType = sourcecode.c.h; path = scanner.h; sourceTree = "<group>"; };
		31D3414E23FE930A00ACDC8D /* tokenType.h */ = {isa = PBXFileReference; lastKnownFileType = sourcecode.c.h; path = tokenType.h; sourceTree = "<group>"; };
/* End PBXFileReference section */

/* Begin PBXFrameworksBuildPhase section */
		31B2DD6923FC2EC200805C56 /* Frameworks */ = {
			isa = PBXFrameworksBuildPhase;
			buildActionMask = 2147483647;
			files = (
			);
			runOnlyForDeploymentPostprocessing = 0;
		};
/* End PBXFrameworksBuildPhase section */

/* Begin PBXGroup section */
		31B2DD6323FC2EC200805C56 = {
			isa = PBXGroup;
			children = (
				31B2DD6E23FC2EC200805C56 /* jLox */,
				31B2DD6D23FC2EC200805C56 /* Products */,
			);
			sourceTree = "<group>";
		};
		31B2DD6D23FC2EC200805C56 /* Products */ = {
			isa = PBXGroup;
			children = (
				31B2DD6C23FC2EC200805C56 /* jLox */,
			);
			name = Products;
			sourceTree = "<group>";
		};
		31B2DD6E23FC2EC200805C56 /* jLox */ = {
			isa = PBXGroup;
			children = (
				31B2DD6F23FC2EC200805C56 /* main.cpp */,
				31B2DD7823FD24A200805C56 /* test1.h */,
				31B2DD7923FD283600805C56 /* lox.h */,
				31D3414523FE70B100ACDC8D /* lox.cpp */,
				31D3414723FE79C000ACDC8D /* token.cpp */,
				31D3414823FE79C000ACDC8D /* token.h */,
				31D3414A23FE7C8F00ACDC8D /* scanner.cpp */,
				31D3414B23FE7C8F00ACDC8D /* scanner.h */,
				31D3414E23FE930A00ACDC8D /* tokenType.h */,
			);
			path = jLox;
			sourceTree = "<group>";
		};
/* End PBXGroup section */

/* Begin PBXNativeTarget section */
		31B2DD6B23FC2EC200805C56 /* jLox */ = {
			isa = PBXNativeTarget;
			buildConfigurationList = 31B2DD7323FC2EC200805C56 /* Build configuration list for PBXNativeTarget "jLox" */;
			buildPhases = (
				31B2DD6823FC2EC200805C56 /* Sources */,
				31B2DD6923FC2EC200805C56 /* Frameworks */,
				31B2DD6A23FC2EC200805C56 /* CopyFiles */,
			);
			buildRules = (
			);
			dependencies = (
			);
			name = jLox;
			productName = jLox;
			productReference = 31B2DD6C23FC2EC200805C56 /* jLox */;
			productType = "com.apple.product-type.tool";
		};
/* End PBXNativeTarget section */

/* Begin PBXProject section */
		31B2DD6423FC2EC200805C56 /* Project object */ = {
			isa = PBXProject;
			attributes = {
				LastUpgradeCheck = 1130;
				ORGANIZATIONNAME = "Samuel Ollason";
				TargetAttributes = {
					31B2DD6B23FC2EC200805C56 = {
						CreatedOnToolsVersion = 11.3;
					};
				};
			};
			buildConfigurationList = 31B2DD6723FC2EC200805C56 /* Build configuration list for PBXProject "jLox" */;
			compatibilityVersion = "Xcode 9.3";
			developmentRegion = en;
			hasScannedForEncodings = 0;
			knownRegions = (
				en,
				Base,
			);
			mainGroup = 31B2DD6323FC2EC200805C56;
			productRefGroup = 31B2DD6D23FC2EC200805C56 /* Products */;
			projectDirPath = "";
			projectRoot = "";
			targets = (
				31B2DD6B23FC2EC200805C56 /* jLox */,
			);
		};
/* End PBXProject section */

/* Begin PBXSourcesBuildPhase section */
		31B2DD6823FC2EC200805C56 /* Sources */ = {
			isa = PBXSourcesBuildPhase;
			buildActionMask = 2147483647;
			files = (
				31D3414923FE79C000ACDC8D /* token.cpp in Sources */,
				31B2DD7023FC2EC200805C56 /* main.cpp in Sources */,
				31D3414C23FE7C8F00ACDC8D /* scanner.cpp in Sources */,
				31D3414623FE70B100ACDC8D /* lox.cpp in Sources */,
			);
			runOnlyForDeploymentPostprocessing = 0;
		};
/* End PBXSourcesBuildPhase section */

/* Begin XCBuildConfiguration section */
		31B2DD7123FC2EC200805C56 /* Debug */ = {
			isa = XCBuildConfiguration;
			buildSettings = {
				ALWAYS_SEARCH_USER_PATHS = NO;
				CLANG_ANALYZER_NONNULL = YES;
				CLANG_ANALYZER_NUMBER_OBJECT_CONVERSION = YES_AGGRESSIVE;
				CLANG_CXX_LANGUAGE_STANDARD = "gnu++14";
				CLANG_CXX_LIBRARY = "libc++";
				CLANG_ENABLE_MODULES = YES;
				CLANG_ENABLE_OBJC_ARC = YES;
				CLANG_ENABLE_OBJC_WEAK = YES;
				CLANG_WARN_BLOCK_CAPTURE_AUTORELEASING = YES;
				CLANG_WARN_BOOL_CONVERSION = YES;
				CLANG_WARN_COMMA = YES;
				CLANG_WARN_CONSTANT_CONVERSION = YES;
				CLANG_WARN_DEPRECATED_OBJC_IMPLEMENTATIONS = YES;
				CLANG_WARN_DIRECT_OBJC_ISA_USAGE = YES_ERROR;
				CLANG_WARN_DOCUMENTATION_COMMENTS = YES;
				CLANG_WARN_EMPTY_BODY = YES;
				CLANG_WARN_ENUM_CONVERSION = YES;
				CLANG_WARN_INFINITE_RECURSION = YES;
				CLANG_WARN_INT_CONVERSION = YES;
				CLANG_WARN_NON_LITERAL_NULL_CONVERSION = YES;
				CLANG_WARN_OBJC_IMPLICIT_RETAIN_SELF = YES;
				CLANG_WARN_OBJC_LITERAL_CONVERSION = YES;
				CLANG_WARN_OBJC_ROOT_CLASS = YES_ERROR;
				CLANG_WARN_RANGE_LOOP_ANALYSIS = YES;
				CLANG_WARN_STRICT_PROTOTYPES = YES;
				CLANG_WARN_SUSPICIOUS_MOVE = YES;
				CLANG_WARN_UNGUARDED_AVAILABILITY = YES_AGGRESSIVE;
				CLANG_WARN_UNREACHABLE_CODE = YES;
				CLANG_WARN__DUPLICATE_METHOD_MATCH = YES;
				COPY_PHASE_STRIP = NO;
				DEBUG_INFORMATION_FORMAT = dwarf;
				ENABLE_STRICT_OBJC_MSGSEND = YES;
				ENABLE_TESTABILITY = YES;
				GCC_C_LANGUAGE_STANDARD = gnu11;
				GCC_DYNAMIC_NO_PIC = NO;
				GCC_NO_COMMON_BLOCKS = YES;
				GCC_OPTIMIZATION_LEVEL = 0;
				GCC_PREPROCESSOR_DEFINITIONS = (
					"DEBUG=1",
					"$(inherited)",
				);
				GCC_WARN_64_TO_32_BIT_CONVERSION = YES;
				GCC_WARN_ABOUT_RETURN_TYPE = YES_ERROR;
				GCC_WARN_UNDECLARED_SELECTOR = YES;
				GCC_WARN_UNINITIALIZED_AUTOS = YES_AGGRESSIVE;
				GCC_WARN_UNUSED_FUNCTION = YES;
				GCC_WARN_UNUSED_VARIABLE = YES;
				MACOSX_DEPLOYMENT_TARGET = 10.14;
				MTL_ENABLE_DEBUG_INFO = INCLUDE_SOURCE;
				MTL_FAST_MATH = YES;
				ONLY_ACTIVE_ARCH = YES;
				SDKROOT = macosx;
			};
			name = Debug;
		};
		31B2DD7223FC2EC200805C56 /* Release */ = {
			isa = XCBuildConfiguration;
			buildSettings = {
				ALWAYS_SEARCH_USER_PATHS = NO;
				CLANG_ANALYZER_NONNULL = YES;
				CLANG_ANALYZER_NUMBER_OBJECT_CONVERSION = YES_AGGRESSIVE;
				CLANG_CXX_LANGUAGE_STANDARD = "gnu++14";
				CLANG_CXX_LIBRARY = "libc++";
				CLANG_ENABLE_MODULES = YES;
				CLANG_ENABLE_OBJC_ARC = YES;
				CLANG_ENABLE_OBJC_WEAK = YES;
				CLANG_WARN_BLOCK_CAPTURE_AUTORELEASING = YES;
				CLANG_WARN_BOOL_CONVERSION = YES;
				CLANG_WARN_COMMA = YES;
				CLANG_WARN_CONSTANT_CONVERSION = YES;
				CLANG_WARN_DEPRECATED_OBJC_IMPLEMENTATIONS = YES;
				CLANG_WARN_DIRECT_OBJC_ISA_USAGE = YES_ERROR;
				CLANG_WARN_DOCUMENTATION_COMMENTS = YES;
				CLANG_WARN_EMPTY_BODY = YES;
				CLANG_WARN_ENUM_CONVERSION = YES;
				CLANG_WARN_INFINITE_RECURSION = YES;
				CLANG_WARN_INT_CONVERSION = YES;
				CLANG_WARN_NON_LITERAL_NULL_CONVERSION = YES;
				CLANG_WARN_OBJC_IMPLICIT_RETAIN_SELF = YES;
				CLANG_WARN_OBJC_LITERAL_CONVERSION = YES;
				CLANG_WARN_OBJC_ROOT_CLASS = YES_ERROR;
				CLANG_WARN_RANGE_LOOP_ANALYSIS = YES;
				CLANG_WARN_STRICT_PROTOTYPES = YES;
				CLANG_WARN_SUSPICIOUS_MOVE = YES;
				CLANG_WARN_UNGUARDED_AVAILABILITY = YES_AGGRESSIVE;
				CLANG_WARN_UNREACHABLE_CODE = YES;
				CLANG_WARN__DUPLICATE_METHOD_MATCH = YES;
				COPY_PHASE_STRIP = NO;
				DEBUG_INFORMATION_FORMAT = "dwarf-with-dsym";
				ENABLE_NS_ASSERTIONS = NO;
				ENABLE_STRICT_OBJC_MSGSEND = YES;
				GCC_C_LANGUAGE_STANDARD = gnu11;
				GCC_NO_COMMON_BLOCKS = YES;
				GCC_WARN_64_TO_32_BIT_CONVERSION = YES;
				GCC_WARN_ABOUT_RETURN_TYPE = YES_ERROR;
				GCC_WARN_UNDECLARED_SELECTOR = YES;
				GCC_WARN_UNINITIALIZED_AUTOS = YES_AGGRESSIVE;
				GCC_WARN_UNUSED_FUNCTION = YES;
				GCC_WARN_UNUSED_VARIABLE = YES;
				MACOSX_DEPLOYMENT_TARGET = 10.14;
				MTL_ENABLE_DEBUG_INFO = NO;
				MTL_FAST_MATH = YES;
				SDKROOT = macosx;
			};
			name = Release;
		};
		31B2DD7423FC2EC200805C56 /* Debug */ = {
			isa = XCBuildConfiguration;
			buildSettings = {
				CODE_SIGN_STYLE = Automatic;
				PRODUCT_NAME = "$(TARGET_NAME)";
			};
			name = Debug;
		};
		31B2DD7523FC2EC200805C56 /* Release */ = {
			isa = XCBuildConfiguration;
			buildSettings = {
				CODE_SIGN_STYLE = Automatic;
				PRODUCT_NAME = "$(TARGET_NAME)";
			};
			name = Release;
		};
/* End XCBuildConfiguration section */

/* Begin XCConfigurationList section */
		31B2DD6723FC2EC200805C56 /* Build configuration list for PBXProject "jLox" */ = {
			isa = XCConfigurationList;
			buildConfigurations = (
				31B2DD7123FC2EC200805C56 /* Debug */,
				31B2DD7223FC2EC200805C56 /* Release */,
			);
			defaultConfigurationIsVisible = 0;
			defaultConfigurationName = Release;
		};
		31B2DD7323FC2EC200805C56 /* Build configuration list for PBXNativeTarget "jLox" */ = {
			isa = XCConfigurationList;
			buildConfigurations = (
				31B2DD7423FC2EC200805C56 /* Debug */,
				31B2DD7523FC2EC200805C56 /* Release */,
			);
			defaultConfigurationIsVisible = 0;
			defaultConfigurationName = Release;
		};
/* End XCConfigurationList section */
	};
	rootObject = 31B2DD6423FC2EC200805C56 /* Project object */;
}
